
Microsoft Visual Studio Solution File, Format Version 12.00
# Visual Studio Version 16
VisualStudioVersion = 16.0.29926.136
MinimumVisualStudioVersion = 10.0.40219.1
Project("{8BC9CEB8-8B4A-11D0-8D11-00A0C91BC942}") = "Algoritm", "Algoritm.vcxproj", "{007A9BAD-25E6-4B08-A66B-152DD6490E0D}"
EndProject
Global
	GlobalSection(SolutionConfigurationPlatforms) = preSolution
		Debug|x64 = Debug|x64
		Debug|x86 = Debug|x86
		Release|x64 = Release|x64
		Release|x86 = Release|x86
	EndGlobalSection
	GlobalSection(ProjectConfigurationPlatforms) = postSolution
		{007A9BAD-25E6-4B08-A66B-152DD6490E0D}.Debug|x64.ActiveCfg = Debug|x64
		{007A9BAD-25E6-4B08-A66B-152DD6490E0D}.Debug|x64.Build.0 = Debug|x64
		{007A9BAD-25E6-4B08-A66B-152DD6490E0D}.Debug|x86.ActiveCfg = Debug|Win32
		{007A9BAD-25E6-4B08-A66B-152DD6490E0D}.Debug|x86.Build.0 = Debug|Win32
		{007A9BAD-25E6-4B08-A66B-152DD6490E0D}.Release|x64.ActiveCfg = Release|x64
		{007A9BAD-25E6-4B08-A66B-152DD6490E0D}.Release|x64.Build.0 = Release|x64
		{007A9BAD-25E6-4B08-A66B-152DD6490E0D}.Release|x86.ActiveCfg = Release|Win32
		{007A9BAD-25E6-4B08-A66B-152DD6490E0D}.Release|x86.Build.0 = Release|Win32
	EndGlobalSection
	GlobalSection(SolutionProperties) = preSolution
		HideSolutionNode = FALSE
	EndGlobalSection
	GlobalSection(ExtensibilityGlobals) = postSolution
		SolutionGuid = {7ABF8816-842A-46F1-885A-DDEAAE7E5842}
	EndGlobalSection
EndGlobal
